
Microsoft Visual Studio Solution File, Format Version 12.00
# Visual Studio Version 17
VisualStudioVersion = 17.11.35312.102
MinimumVisualStudioVersion = 10.0.40219.1
Project("{9A19103F-16F7-4668-BE54-9A1E7A4F7556}") = "Shopping.Client", "Shopping.Client\Shopping.Client.csproj", "{D75C345F-3703-45CD-9139-CCB52A8CA4D5}"
EndProject
Project("{9A19103F-16F7-4668-BE54-9A1E7A4F7556}") = "Shopping.API", "Shopping.API\Shopping.API.csproj", "{871F590C-61DC-4C18-B5B4-0A58BCEA9BFE}"
EndProject
Project("{E53339B2-1760-4266-BCC7-CA923CBCF16C}") = "docker-compose", "docker-compose.dcproj", "{DB9331A6-EED4-4DB5-BF14-D158811595FF}"
EndProject
Global
	GlobalSection(SolutionConfigurationPlatforms) = preSolution
		Debug|Any CPU = Debug|Any CPU
		Release|Any CPU = Release|Any CPU
	EndGlobalSection
	GlobalSection(ProjectConfigurationPlatforms) = postSolution
		{D75C345F-3703-45CD-9139-CCB52A8CA4D5}.Debug|Any CPU.ActiveCfg = Debug|Any CPU
		{D75C345F-3703-45CD-9139-CCB52A8CA4D5}.Debug|Any CPU.Build.0 = Debug|Any CPU
		{D75C345F-3703-45CD-9139-CCB52A8CA4D5}.Release|Any CPU.ActiveCfg = Release|Any CPU
		{D75C345F-3703-45CD-9139-CCB52A8CA4D5}.Release|Any CPU.Build.0 = Release|Any CPU
		{871F590C-61DC-4C18-B5B4-0A58BCEA9BFE}.Debug|Any CPU.ActiveCfg = Debug|Any CPU
		{871F590C-61DC-4C18-B5B4-0A58BCEA9BFE}.Debug|Any CPU.Build.0 = Debug|Any CPU
		{871F590C-61DC-4C18-B5B4-0A58BCEA9BFE}.Release|Any CPU.ActiveCfg = Release|Any CPU
		{871F590C-61DC-4C18-B5B4-0A58BCEA9BFE}.Release|Any CPU.Build.0 = Release|Any CPU
		{DB9331A6-EED4-4DB5-BF14-D158811595FF}.Debug|Any CPU.ActiveCfg = Debug|Any CPU
		{DB9331A6-EED4-4DB5-BF14-D158811595FF}.Debug|Any CPU.Build.0 = Debug|Any CPU
		{DB9331A6-EED4-4DB5-BF14-D158811595FF}.Release|Any CPU.ActiveCfg = Release|Any CPU
		{DB9331A6-EED4-4DB5-BF14-D158811595FF}.Release|Any CPU.Build.0 = Release|Any CPU
	EndGlobalSection
	GlobalSection(SolutionProperties) = preSolution
		HideSolutionNode = FALSE
	EndGlobalSection
	GlobalSection(ExtensibilityGlobals) = postSolution
		SolutionGuid = {D29DED50-7B85-4A84-AD2A-8EF6BB393630}
	EndGlobalSection
EndGlobal
